// !$*UTF8*$!
{
	archiveVersion = 1;
	classes = {
	};
	objectVersion = 52;
	objects = {

/* Begin PBXBuildFile section */
		847393B7258B2CBE003E168E /* HNDetailView.swift in Sources */ = {isa = PBXBuildFile; fileRef = 847393B6258B2CBE003E168E /* HNDetailView.swift */; };
		84B3A151258A02AA009329D1 /* HNToolbarProvider.swift in Sources */ = {isa = PBXBuildFile; fileRef = 84B3A150258A02AA009329D1 /* HNToolbarProvider.swift */; };
		84B3A174258A0EFF009329D1 /* main.swift in Sources */ = {isa = PBXBuildFile; fileRef = 84B3A173258A0EFF009329D1 /* main.swift */; };
		84B3A177258A1179009329D1 /* HNAppDelegate.swift in Sources */ = {isa = PBXBuildFile; fileRef = 84B3A176258A1179009329D1 /* HNAppDelegate.swift */; };
		84CD4A2625875B3F00302F8F /* HNWebViewController.swift in Sources */ = {isa = PBXBuildFile; fileRef = 84CD4A2525875B3F00302F8F /* HNWebViewController.swift */; };
		84CD4A2E2587991000302F8F /* Constants.swift in Sources */ = {isa = PBXBuildFile; fileRef = 84CD4A2D2587991000302F8F /* Constants.swift */; };
		84E241C1259046E70023E30D /* HNMenuProvider.swift in Sources */ = {isa = PBXBuildFile; fileRef = 84E241C0259046E70023E30D /* HNMenuProvider.swift */; };
		E89ADAB62585D1CD00AC8828 /* HNReader_SwiftUIApp.swift in Sources */ = {isa = PBXBuildFile; fileRef = E89ADAB52585D1CD00AC8828 /* HNReader_SwiftUIApp.swift */; };
		E89ADAB82585D1CD00AC8828 /* ContentView.swift in Sources */ = {isa = PBXBuildFile; fileRef = E89ADAB72585D1CD00AC8828 /* ContentView.swift */; };
		E89ADABA2585D1CE00AC8828 /* Assets.xcassets in Resources */ = {isa = PBXBuildFile; fileRef = E89ADAB92585D1CE00AC8828 /* Assets.xcassets */; };
		E89ADABD2585D1CE00AC8828 /* Preview Assets.xcassets in Resources */ = {isa = PBXBuildFile; fileRef = E89ADABC2585D1CE00AC8828 /* Preview Assets.xcassets */; };
		E89ADAC92585DED500AC8828 /* HNParser.swift in Sources */ = {isa = PBXBuildFile; fileRef = E89ADAC82585DED500AC8828 /* HNParser.swift */; };
		E89ADACD2585DF4F00AC8828 /* SwiftSoup in Frameworks */ = {isa = PBXBuildFile; productRef = E89ADACC2585DF4F00AC8828 /* SwiftSoup */; };
		E89ADAD12585E23800AC8828 /* HNData.swift in Sources */ = {isa = PBXBuildFile; fileRef = E89ADAD02585E23800AC8828 /* HNData.swift */; };
		E89ADAD52585E52D00AC8828 /* HNItemView.swift in Sources */ = {isa = PBXBuildFile; fileRef = E89ADAD42585E52D00AC8828 /* HNItemView.swift */; };
/* End PBXBuildFile section */

/* Begin PBXFileReference section */
		847393B6258B2CBE003E168E /* HNDetailView.swift */ = {isa = PBXFileReference; lastKnownFileType = sourcecode.swift; path = HNDetailView.swift; sourceTree = "<group>"; };
		84B3A150258A02AA009329D1 /* HNToolbarProvider.swift */ = {isa = PBXFileReference; lastKnownFileType = sourcecode.swift; path = HNToolbarProvider.swift; sourceTree = "<group>"; };
		84B3A173258A0EFF009329D1 /* main.swift */ = {isa = PBXFileReference; lastKnownFileType = sourcecode.swift; path = main.swift; sourceTree = "<group>"; };
		84B3A176258A1179009329D1 /* HNAppDelegate.swift */ = {isa = PBXFileReference; lastKnownFileType = sourcecode.swift; path = HNAppDelegate.swift; sourceTree = "<group>"; };
		84CD4A2525875B3F00302F8F /* HNWebViewController.swift */ = {isa = PBXFileReference; lastKnownFileType = sourcecode.swift; path = HNWebViewController.swift; sourceTree = "<group>"; };
		84CD4A2D2587991000302F8F /* Constants.swift */ = {isa = PBXFileReference; lastKnownFileType = sourcecode.swift; path = Constants.swift; sourceTree = "<group>"; };
		84E241C0259046E70023E30D /* HNMenuProvider.swift */ = {isa = PBXFileReference; lastKnownFileType = sourcecode.swift; path = HNMenuProvider.swift; sourceTree = "<group>"; };
		E89ADAB22585D1CD00AC8828 /* HNReader-SwiftUI.app */ = {isa = PBXFileReference; explicitFileType = wrapper.application; includeInIndex = 0; path = "HNReader-SwiftUI.app"; sourceTree = BUILT_PRODUCTS_DIR; };
		E89ADAB52585D1CD00AC8828 /* HNReader_SwiftUIApp.swift */ = {isa = PBXFileReference; lastKnownFileType = sourcecode.swift; path = HNReader_SwiftUIApp.swift; sourceTree = "<group>"; };
		E89ADAB72585D1CD00AC8828 /* ContentView.swift */ = {isa = PBXFileReference; lastKnownFileType = sourcecode.swift; path = ContentView.swift; sourceTree = "<group>"; };
		E89ADAB92585D1CE00AC8828 /* Assets.xcassets */ = {isa = PBXFileReference; lastKnownFileType = folder.assetcatalog; path = Assets.xcassets; sourceTree = "<group>"; };
		E89ADABC2585D1CE00AC8828 /* Preview Assets.xcassets */ = {isa = PBXFileReference; lastKnownFileType = folder.assetcatalog; path = "Preview Assets.xcassets"; sourceTree = "<group>"; };
		E89ADABE2585D1CE00AC8828 /* Info.plist */ = {isa = PBXFileReference; lastKnownFileType = text.plist.xml; path = Info.plist; sourceTree = "<group>"; };
		E89ADABF2585D1CE00AC8828 /* HNReader_SwiftUI.entitlements */ = {isa = PBXFileReference; lastKnownFileType = text.plist.entitlements; path = HNReader_SwiftUI.entitlements; sourceTree = "<group>"; };
		E89ADAC82585DED500AC8828 /* HNParser.swift */ = {isa = PBXFileReference; lastKnownFileType = sourcecode.swift; path = HNParser.swift; sourceTree = "<group>"; };
		E89ADAD02585E23800AC8828 /* HNData.swift */ = {isa = PBXFileReference; lastKnownFileType = sourcecode.swift; path = HNData.swift; sourceTree = "<group>"; };
		E89ADAD42585E52D00AC8828 /* HNItemView.swift */ = {isa = PBXFileReference; lastKnownFileType = sourcecode.swift; path = HNItemView.swift; sourceTree = "<group>"; };
/* End PBXFileReference section */

/* Begin PBXFrameworksBuildPhase section */
		E89ADAAF2585D1CD00AC8828 /* Frameworks */ = {
			isa = PBXFrameworksBuildPhase;
			buildActionMask = 2147483647;
			files = (
				E89ADACD2585DF4F00AC8828 /* SwiftSoup in Frameworks */,
			);
			runOnlyForDeploymentPostprocessing = 0;
		};
/* End PBXFrameworksBuildPhase section */

/* Begin PBXGroup section */
		84CD4A21258759DE00302F8F /* AppKit */ = {
			isa = PBXGroup;
			children = (
				84CD4A2525875B3F00302F8F /* HNWebViewController.swift */,
				84B3A150258A02AA009329D1 /* HNToolbarProvider.swift */,
				84B3A176258A1179009329D1 /* HNAppDelegate.swift */,
				84B3A173258A0EFF009329D1 /* main.swift */,
				84E241C0259046E70023E30D /* HNMenuProvider.swift */,
			);
			path = AppKit;
			sourceTree = "<group>";
		};
		84CD4A22258759F700302F8F /* View */ = {
			isa = PBXGroup;
			children = (
				E89ADAD42585E52D00AC8828 /* HNItemView.swift */,
				847393B6258B2CBE003E168E /* HNDetailView.swift */,
			);
			path = View;
			sourceTree = "<group>";
		};
		84CD4A2325875A0100302F8F /* App */ = {
			isa = PBXGroup;
			children = (
				E89ADAB72585D1CD00AC8828 /* ContentView.swift */,
				E89ADAB52585D1CD00AC8828 /* HNReader_SwiftUIApp.swift */,
			);
			path = App;
			sourceTree = "<group>";
		};
		84CD4A2425875A1200302F8F /* Resource */ = {
			isa = PBXGroup;
			children = (
				E89ADAB92585D1CE00AC8828 /* Assets.xcassets */,
			);
			path = Resource;
			sourceTree = "<group>";
		};
		E89ADAA92585D1CD00AC8828 = {
			isa = PBXGroup;
			children = (
				E89ADAB42585D1CD00AC8828 /* HNReader-SwiftUI */,
				E89ADAB32585D1CD00AC8828 /* Products */,
			);
			sourceTree = "<group>";
		};
		E89ADAB32585D1CD00AC8828 /* Products */ = {
			isa = PBXGroup;
			children = (
				E89ADAB22585D1CD00AC8828 /* HNReader-SwiftUI.app */,
			);
			name = Products;
			sourceTree = "<group>";
		};
		E89ADAB42585D1CD00AC8828 /* HNReader-SwiftUI */ = {
			isa = PBXGroup;
			children = (
				E89ADAC72585DEB600AC8828 /* Data */,
				84CD4A22258759F700302F8F /* View */,
				84CD4A21258759DE00302F8F /* AppKit */,
				84CD4A2325875A0100302F8F /* App */,
				84CD4A2425875A1200302F8F /* Resource */,
				E89ADABB2585D1CE00AC8828 /* Preview Content */,
				E89ADABE2585D1CE00AC8828 /* Info.plist */,
				E89ADABF2585D1CE00AC8828 /* HNReader_SwiftUI.entitlements */,
			);
			path = "HNReader-SwiftUI";
			sourceTree = "<group>";
		};
		E89ADABB2585D1CE00AC8828 /* Preview Content */ = {
			isa = PBXGroup;
			children = (
				E89ADABC2585D1CE00AC8828 /* Preview Assets.xcassets */,
			);
			path = "Preview Content";
			sourceTree = "<group>";
		};
		E89ADAC72585DEB600AC8828 /* Data */ = {
			isa = PBXGroup;
			children = (
				E89ADAD02585E23800AC8828 /* HNData.swift */,
				E89ADAC82585DED500AC8828 /* HNParser.swift */,
				84CD4A2D2587991000302F8F /* Constants.swift */,
			);
			path = Data;
			sourceTree = "<group>";
		};
/* End PBXGroup section */

/* Begin PBXNativeTarget section */
		E89ADAB12585D1CD00AC8828 /* HNReader-SwiftUI */ = {
			isa = PBXNativeTarget;
			buildConfigurationList = E89ADAC22585D1CE00AC8828 /* Build configuration list for PBXNativeTarget "HNReader-SwiftUI" */;
			buildPhases = (
				E89ADAAE2585D1CD00AC8828 /* Sources */,
				E89ADAAF2585D1CD00AC8828 /* Frameworks */,
				E89ADAB02585D1CD00AC8828 /* Resources */,
			);
			buildRules = (
			);
			dependencies = (
			);
			name = "HNReader-SwiftUI";
			packageProductDependencies = (
				E89ADACC2585DF4F00AC8828 /* SwiftSoup */,
			);
			productName = "HNReader-SwiftUI";
			productReference = E89ADAB22585D1CD00AC8828 /* HNReader-SwiftUI.app */;
			productType = "com.apple.product-type.application";
		};
/* End PBXNativeTarget section */

/* Begin PBXProject section */
		E89ADAAA2585D1CD00AC8828 /* Project object */ = {
			isa = PBXProject;
			attributes = {
				LastSwiftUpdateCheck = 1220;
				LastUpgradeCheck = 1220;
				ORGANIZATIONNAME = "Jie Weng";
				TargetAttributes = {
					E89ADAB12585D1CD00AC8828 = {
						CreatedOnToolsVersion = 12.2;
					};
				};
			};
			buildConfigurationList = E89ADAAD2585D1CD00AC8828 /* Build configuration list for PBXProject "HNReader-SwiftUI" */;
			compatibilityVersion = "Xcode 9.3";
			developmentRegion = en;
			hasScannedForEncodings = 0;
			knownRegions = (
				en,
				Base,
			);
			mainGroup = E89ADAA92585D1CD00AC8828;
			packageReferences = (
				E89ADACB2585DF4F00AC8828 /* XCRemoteSwiftPackageReference "SwiftSoup" */,
			);
			productRefGroup = E89ADAB32585D1CD00AC8828 /* Products */;
			projectDirPath = "";
			projectRoot = "";
			targets = (
				E89ADAB12585D1CD00AC8828 /* HNReader-SwiftUI */,
			);
		};
/* End PBXProject section */

/* Begin PBXResourcesBuildPhase section */
		E89ADAB02585D1CD00AC8828 /* Resources */ = {
			isa = PBXResourcesBuildPhase;
			buildActionMask = 2147483647;
			files = (
				E89ADABD2585D1CE00AC8828 /* Preview Assets.xcassets in Resources */,
				E89ADABA2585D1CE00AC8828 /* Assets.xcassets in Resources */,
			);
			runOnlyForDeploymentPostprocessing = 0;
		};
/* End PBXResourcesBuildPhase section */

/* Begin PBXSourcesBuildPhase section */
		E89ADAAE2585D1CD00AC8828 /* Sources */ = {
			isa = PBXSourcesBuildPhase;
			buildActionMask = 2147483647;
			files = (
				E89ADAB82585D1CD00AC8828 /* ContentView.swift in Sources */,
				84CD4A2625875B3F00302F8F /* HNWebViewController.swift in Sources */,
				847393B7258B2CBE003E168E /* HNDetailView.swift in Sources */,
				84B3A174258A0EFF009329D1 /* main.swift in Sources */,
				E89ADAB62585D1CD00AC8828 /* HNReader_SwiftUIApp.swift in Sources */,
				84E241C1259046E70023E30D /* HNMenuProvider.swift in Sources */,
				E89ADAC92585DED500AC8828 /* HNParser.swift in Sources */,
				84CD4A2E2587991000302F8F /* Constants.swift in Sources */,
				E89ADAD12585E23800AC8828 /* HNData.swift in Sources */,
				84B3A151258A02AA009329D1 /* HNToolbarProvider.swift in Sources */,
				84B3A177258A1179009329D1 /* HNAppDelegate.swift in Sources */,
				E89ADAD52585E52D00AC8828 /* HNItemView.swift in Sources */,
			);
			runOnlyForDeploymentPostprocessing = 0;
		};
/* End PBXSourcesBuildPhase section */

/* Begin XCBuildConfiguration section */
		E89ADAC02585D1CE00AC8828 /* Debug */ = {
			isa = XCBuildConfiguration;
			buildSettings = {
				ALWAYS_SEARCH_USER_PATHS = NO;
				CLANG_ANALYZER_NONNULL = YES;
				CLANG_ANALYZER_NUMBER_OBJECT_CONVERSION = YES_AGGRESSIVE;
				CLANG_CXX_LANGUAGE_STANDARD = "gnu++14";
				CLANG_CXX_LIBRARY = "libc++";
				CLANG_ENABLE_MODULES = YES;
				CLANG_ENABLE_OBJC_ARC = YES;
				CLANG_ENABLE_OBJC_WEAK = YES;
				CLANG_WARN_BLOCK_CAPTURE_AUTORELEASING = YES;
				CLANG_WARN_BOOL_CONVERSION = YES;
				CLANG_WARN_COMMA = YES;
				CLANG_WARN_CONSTANT_CONVERSION = YES;
				CLANG_WARN_DEPRECATED_OBJC_IMPLEMENTATIONS = YES;
				CLANG_WARN_DIRECT_OBJC_ISA_USAGE = YES_ERROR;
				CLANG_WARN_DOCUMENTATION_COMMENTS = YES;
				CLANG_WARN_EMPTY_BODY = YES;
				CLANG_WARN_ENUM_CONVERSION = YES;
				CLANG_WARN_INFINITE_RECURSION = YES;
				CLANG_WARN_INT_CONVERSION = YES;
				CLANG_WARN_NON_LITERAL_NULL_CONVERSION = YES;
				CLANG_WARN_OBJC_IMPLICIT_RETAIN_SELF = YES;
				CLANG_WARN_OBJC_LITERAL_CONVERSION = YES;
				CLANG_WARN_OBJC_ROOT_CLASS = YES_ERROR;
				CLANG_WARN_QUOTED_INCLUDE_IN_FRAMEWORK_HEADER = YES;
				CLANG_WARN_RANGE_LOOP_ANALYSIS = YES;
				CLANG_WARN_STRICT_PROTOTYPES = YES;
				CLANG_WARN_SUSPICIOUS_MOVE = YES;
				CLANG_WARN_UNGUARDED_AVAILABILITY = YES_AGGRESSIVE;
				CLANG_WARN_UNREACHABLE_CODE = YES;
				CLANG_WARN__DUPLICATE_METHOD_MATCH = YES;
				COPY_PHASE_STRIP = NO;
				DEBUG_INFORMATION_FORMAT = dwarf;
				ENABLE_STRICT_OBJC_MSGSEND = YES;
				ENABLE_TESTABILITY = YES;
				GCC_C_LANGUAGE_STANDARD = gnu11;
				GCC_DYNAMIC_NO_PIC = NO;
				GCC_NO_COMMON_BLOCKS = YES;
				GCC_OPTIMIZATION_LEVEL = 0;
				GCC_PREPROCESSOR_DEFINITIONS = (
					"DEBUG=1",
					"$(inherited)",
				);
				GCC_WARN_64_TO_32_BIT_CONVERSION = YES;
				GCC_WARN_ABOUT_RETURN_TYPE = YES_ERROR;
				GCC_WARN_UNDECLARED_SELECTOR = YES;
				GCC_WARN_UNINITIALIZED_AUTOS = YES_AGGRESSIVE;
				GCC_WARN_UNUSED_FUNCTION = YES;
				GCC_WARN_UNUSED_VARIABLE = YES;
				MACOSX_DEPLOYMENT_TARGET = 11.0;
				MTL_ENABLE_DEBUG_INFO = INCLUDE_SOURCE;
				MTL_FAST_MATH = YES;
				ONLY_ACTIVE_ARCH = YES;
				SDKROOT = macosx;
				SWIFT_ACTIVE_COMPILATION_CONDITIONS = DEBUG;
				SWIFT_OPTIMIZATION_LEVEL = "-Onone";
			};
			name = Debug;
		};
		E89ADAC12585D1CE00AC8828 /* Release */ = {
			isa = XCBuildConfiguration;
			buildSettings = {
				ALWAYS_SEARCH_USER_PATHS = NO;
				CLANG_ANALYZER_NONNULL = YES;
				CLANG_ANALYZER_NUMBER_OBJECT_CONVERSION = YES_AGGRESSIVE;
				CLANG_CXX_LANGUAGE_STANDARD = "gnu++14";
				CLANG_CXX_LIBRARY = "libc++";
				CLANG_ENABLE_MODULES = YES;
				CLANG_ENABLE_OBJC_ARC = YES;
				CLANG_ENABLE_OBJC_WEAK = YES;
				CLANG_WARN_BLOCK_CAPTURE_AUTORELEASING = YES;
				CLANG_WARN_BOOL_CONVERSION = YES;
				CLANG_WARN_COMMA = YES;
				CLANG_WARN_CONSTANT_CONVERSION = YES;
				CLANG_WARN_DEPRECATED_OBJC_IMPLEMENTATIONS = YES;
				CLANG_WARN_DIRECT_OBJC_ISA_USAGE = YES_ERROR;
				CLANG_WARN_DOCUMENTATION_COMMENTS = YES;
				CLANG_WARN_EMPTY_BODY = YES;
				CLANG_WARN_ENUM_CONVERSION = YES;
				CLANG_WARN_INFINITE_RECURSION = YES;
				CLANG_WARN_INT_CONVERSION = YES;
				CLANG_WARN_NON_LITERAL_NULL_CONVERSION = YES;
				CLANG_WARN_OBJC_IMPLICIT_RETAIN_SELF = YES;
				CLANG_WARN_OBJC_LITERAL_CONVERSION = YES;
				CLANG_WARN_OBJC_ROOT_CLASS = YES_ERROR;
				CLANG_WARN_QUOTED_INCLUDE_IN_FRAMEWORK_HEADER = YES;
				CLANG_WARN_RANGE_LOOP_ANALYSIS = YES;
				CLANG_WARN_STRICT_PROTOTYPES = YES;
				CLANG_WARN_SUSPICIOUS_MOVE = YES;
				CLANG_WARN_UNGUARDED_AVAILABILITY = YES_AGGRESSIVE;
				CLANG_WARN_UNREACHABLE_CODE = YES;
				CLANG_WARN__DUPLICATE_METHOD_MATCH = YES;
				COPY_PHASE_STRIP = NO;
				DEBUG_INFORMATION_FORMAT = "dwarf-with-dsym";
				ENABLE_NS_ASSERTIONS = NO;
				ENABLE_STRICT_OBJC_MSGSEND = YES;
				GCC_C_LANGUAGE_STANDARD = gnu11;
				GCC_NO_COMMON_BLOCKS = YES;
				GCC_WARN_64_TO_32_BIT_CONVERSION = YES;
				GCC_WARN_ABOUT_RETURN_TYPE = YES_ERROR;
				GCC_WARN_UNDECLARED_SELECTOR = YES;
				GCC_WARN_UNINITIALIZED_AUTOS = YES_AGGRESSIVE;
				GCC_WARN_UNUSED_FUNCTION = YES;
				GCC_WARN_UNUSED_VARIABLE = YES;
				MACOSX_DEPLOYMENT_TARGET = 11.0;
				MTL_ENABLE_DEBUG_INFO = NO;
				MTL_FAST_MATH = YES;
				SDKROOT = macosx;
				SWIFT_COMPILATION_MODE = wholemodule;
				SWIFT_OPTIMIZATION_LEVEL = "-O";
			};
			name = Release;
		};
		E89ADAC32585D1CE00AC8828 /* Debug */ = {
			isa = XCBuildConfiguration;
			buildSettings = {
				ASSETCATALOG_COMPILER_APPICON_NAME = AppIcon;
				ASSETCATALOG_COMPILER_GLOBAL_ACCENT_COLOR_NAME = AccentColor;
				CODE_SIGN_ENTITLEMENTS = "HNReader-SwiftUI/HNReader_SwiftUI.entitlements";
				CODE_SIGN_STYLE = Automatic;
				COMBINE_HIDPI_IMAGES = YES;
				DEVELOPMENT_ASSET_PATHS = "\"HNReader-SwiftUI/Preview Content\"";
				DEVELOPMENT_TEAM = 5TCGFUXXZP;
				ENABLE_HARDENED_RUNTIME = YES;
				ENABLE_PREVIEWS = YES;
				INFOPLIST_FILE = "HNReader-SwiftUI/Info.plist";
				LD_RUNPATH_SEARCH_PATHS = (
					"$(inherited)",
					"@executable_path/../Frameworks",
				);
				MACOSX_DEPLOYMENT_TARGET = 11.0;
				PRODUCT_BUNDLE_IDENTIFIER = "ink.mnt.HNReader-SwiftUI";
				PRODUCT_NAME = "$(TARGET_NAME)";
				SWIFT_VERSION = 5.0;
			};
			name = Debug;
		};
		E89ADAC42585D1CE00AC8828 /* Release */ = {
			isa = XCBuildConfiguration;
			buildSettings = {
				ASSETCATALOG_COMPILER_APPICON_NAME = AppIcon;
				ASSETCATALOG_COMPILER_GLOBAL_ACCENT_COLOR_NAME = AccentColor;
				CODE_SIGN_ENTITLEMENTS = "HNReader-SwiftUI/HNReader_SwiftUI.entitlements";
				CODE_SIGN_STYLE = Automatic;
				COMBINE_HIDPI_IMAGES = YES;
				DEVELOPMENT_ASSET_PATHS = "\"HNReader-SwiftUI/Preview Content\"";
				DEVELOPMENT_TEAM = 5TCGFUXXZP;
				ENABLE_HARDENED_RUNTIME = YES;
				ENABLE_PREVIEWS = YES;
				INFOPLIST_FILE = "HNReader-SwiftUI/Info.plist";
				LD_RUNPATH_SEARCH_PATHS = (
					"$(inherited)",
					"@executable_path/../Frameworks",
				);
				MACOSX_DEPLOYMENT_TARGET = 11.0;
				PRODUCT_BUNDLE_IDENTIFIER = "ink.mnt.HNReader-SwiftUI";
				PRODUCT_NAME = "$(TARGET_NAME)";
				SWIFT_VERSION = 5.0;
			};
			name = Release;
		};
/* End XCBuildConfiguration section */

/* Begin XCConfigurationList section */
		E89ADAAD2585D1CD00AC8828 /* Build configuration list for PBXProject "HNReader-SwiftUI" */ = {
			isa = XCConfigurationList;
			buildConfigurations = (
				E89ADAC02585D1CE00AC8828 /* Debug */,
				E89ADAC12585D1CE00AC8828 /* Release */,
			);
			defaultConfigurationIsVisible = 0;
			defaultConfigurationName = Release;
		};
		E89ADAC22585D1CE00AC8828 /* Build configuration list for PBXNativeTarget "HNReader-SwiftUI" */ = {
			isa = XCConfigurationList;
			buildConfigurations = (
				E89ADAC32585D1CE00AC8828 /* Debug */,
				E89ADAC42585D1CE00AC8828 /* Release */,
			);
			defaultConfigurationIsVisible = 0;
			defaultConfigurationName = Release;
		};
/* End XCConfigurationList section */

/* Begin XCRemoteSwiftPackageReference section */
		E89ADACB2585DF4F00AC8828 /* XCRemoteSwiftPackageReference "SwiftSoup" */ = {
			isa = XCRemoteSwiftPackageReference;
			repositoryURL = "https://github.com/scinfu/SwiftSoup.git";
			requirement = {
				kind = upToNextMajorVersion;
				minimumVersion = 2.3.2;
			};
		};
/* End XCRemoteSwiftPackageReference section */

/* Begin XCSwiftPackageProductDependency section */
		E89ADACC2585DF4F00AC8828 /* SwiftSoup */ = {
			isa = XCSwiftPackageProductDependency;
			package = E89ADACB2585DF4F00AC8828 /* XCRemoteSwiftPackageReference "SwiftSoup" */;
			productName = SwiftSoup;
		};
/* End XCSwiftPackageProductDependency section */
	};
	rootObject = E89ADAAA2585D1CD00AC8828 /* Project object */;
}
